// !$*UTF8*$!
{
	archiveVersion = 1;
	classes = {
	};
	objectVersion = 56;
	objects = {

/* Begin PBXBuildFile section */
		D59FDC0728D17D6F00526445 /* AppDelegate.m in Sources */ = {isa = PBXBuildFile; fileRef = D59FDC0628D17D6F00526445 /* AppDelegate.m */; };
		D59FDC0D28D17D6F00526445 /* ViewController.m in Sources */ = {isa = PBXBuildFile; fileRef = D59FDC0C28D17D6F00526445 /* ViewController.m */; };
		D59FDC1028D17D6F00526445 /* Main.storyboard in Resources */ = {isa = PBXBuildFile; fileRef = D59FDC0E28D17D6F00526445 /* Main.storyboard */; };
		D59FDC1228D17D7000526445 /* Assets.xcassets in Resources */ = {isa = PBXBuildFile; fileRef = D59FDC1128D17D7000526445 /* Assets.xcassets */; };
		D59FDC1528D17D7000526445 /* LaunchScreen.storyboard in Resources */ = {isa = PBXBuildFile; fileRef = D59FDC1328D17D7000526445 /* LaunchScreen.storyboard */; };
		D59FDC1828D17D7000526445 /* main.m in Sources */ = {isa = PBXBuildFile; fileRef = D59FDC1728D17D7000526445 /* main.m */; };
		D59FDC2228D17D7000526445 /* ExampleTests.m in Sources */ = {isa = PBXBuildFile; fileRef = D59FDC2128D17D7000526445 /* ExampleTests.m */; };
		D59FDC2C28D17D7000526445 /* ExampleUITests.m in Sources */ = {isa = PBXBuildFile; fileRef = D59FDC2B28D17D7000526445 /* ExampleUITests.m */; };
		D59FDC2E28D17D7000526445 /* ExampleUITestsLaunchTests.m in Sources */ = {isa = PBXBuildFile; fileRef = D59FDC2D28D17D7000526445 /* ExampleUITestsLaunchTests.m */; };
		D59FDC4028D17F4200526445 /* SandboxOut.m in Sources */ = {isa = PBXBuildFile; fileRef = D59FDC3F28D17F4200526445 /* SandboxOut.m */; };
		D59FDC4328D17F6400526445 /* SOViewController.m in Sources */ = {isa = PBXBuildFile; fileRef = D59FDC4228D17F6400526445 /* SOViewController.m */; };
/* End PBXBuildFile section */

/* Begin PBXContainerItemProxy section */
		D59FDC1E28D17D7000526445 /* PBXContainerItemProxy */ = {
			isa = PBXContainerItemProxy;
			containerPortal = D59FDBFA28D17D6F00526445 /* Project object */;
			proxyType = 1;
			remoteGlobalIDString = D59FDC0128D17D6F00526445;
			remoteInfo = Example;
		};
		D59FDC2828D17D7000526445 /* PBXContainerItemProxy */ = {
			isa = PBXContainerItemProxy;
			containerPortal = D59FDBFA28D17D6F00526445 /* Project object */;
			proxyType = 1;
			remoteGlobalIDString = D59FDC0128D17D6F00526445;
			remoteInfo = Example;
		};
/* End PBXContainerItemProxy section */

/* Begin PBXFileReference section */
		D59FDC0228D17D6F00526445 /* Example.app */ = {isa = PBXFileReference; explicitFileType = wrapper.application; includeInIndex = 0; path = Example.app; sourceTree = BUILT_PRODUCTS_DIR; };
		D59FDC0528D17D6F00526445 /* AppDelegate.h */ = {isa = PBXFileReference; lastKnownFileType = sourcecode.c.h; path = AppDelegate.h; sourceTree = "<group>"; };
		D59FDC0628D17D6F00526445 /* AppDelegate.m */ = {isa = PBXFileReference; lastKnownFileType = sourcecode.c.objc; path = AppDelegate.m; sourceTree = "<group>"; };
		D59FDC0B28D17D6F00526445 /* ViewController.h */ = {isa = PBXFileReference; lastKnownFileType = sourcecode.c.h; path = ViewController.h; sourceTree = "<group>"; };
		D59FDC0C28D17D6F00526445 /* ViewController.m */ = {isa = PBXFileReference; lastKnownFileType = sourcecode.c.objc; path = ViewController.m; sourceTree = "<group>"; };
		D59FDC0F28D17D6F00526445 /* Base */ = {isa = PBXFileReference; lastKnownFileType = file.storyboard; name = Base; path = Base.lproj/Main.storyboard; sourceTree = "<group>"; };
		D59FDC1128D17D7000526445 /* Assets.xcassets */ = {isa = PBXFileReference; lastKnownFileType = folder.assetcatalog; path = Assets.xcassets; sourceTree = "<group>"; };
		D59FDC1428D17D7000526445 /* Base */ = {isa = PBXFileReference; lastKnownFileType = file.storyboard; name = Base; path = Base.lproj/LaunchScreen.storyboard; sourceTree = "<group>"; };
		D59FDC1628D17D7000526445 /* Info.plist */ = {isa = PBXFileReference; lastKnownFileType = text.plist.xml; path = Info.plist; sourceTree = "<group>"; };
		D59FDC1728D17D7000526445 /* main.m */ = {isa = PBXFileReference; lastKnownFileType = sourcecode.c.objc; path = main.m; sourceTree = "<group>"; };
		D59FDC1D28D17D7000526445 /* ExampleTests.xctest */ = {isa = PBXFileReference; explicitFileType = wrapper.cfbundle; includeInIndex = 0; path = ExampleTests.xctest; sourceTree = BUILT_PRODUCTS_DIR; };
		D59FDC2128D17D7000526445 /* ExampleTests.m */ = {isa = PBXFileReference; lastKnownFileType = sourcecode.c.objc; path = ExampleTests.m; sourceTree = "<group>"; };
		D59FDC2728D17D7000526445 /* ExampleUITests.xctest */ = {isa = PBXFileReference; explicitFileType = wrapper.cfbundle; includeInIndex = 0; path = ExampleUITests.xctest; sourceTree = BUILT_PRODUCTS_DIR; };
		D59FDC2B28D17D7000526445 /* ExampleUITests.m */ = {isa = PBXFileReference; lastKnownFileType = sourcecode.c.objc; path = ExampleUITests.m; sourceTree = "<group>"; };
		D59FDC2D28D17D7000526445 /* ExampleUITestsLaunchTests.m */ = {isa = PBXFileReference; lastKnownFileType = sourcecode.c.objc; path = ExampleUITestsLaunchTests.m; sourceTree = "<group>"; };
		D59FDC3E28D17F4200526445 /* SandboxOut.h */ = {isa = PBXFileReference; lastKnownFileType = sourcecode.c.h; path = SandboxOut.h; sourceTree = "<group>"; };
		D59FDC3F28D17F4200526445 /* SandboxOut.m */ = {isa = PBXFileReference; lastKnownFileType = sourcecode.c.objc; path = SandboxOut.m; sourceTree = "<group>"; };
		D59FDC4128D17F6400526445 /* SOViewController.h */ = {isa = PBXFileReference; lastKnownFileType = sourcecode.c.h; path = SOViewController.h; sourceTree = "<group>"; };
		D59FDC4228D17F6400526445 /* SOViewController.m */ = {isa = PBXFileReference; lastKnownFileType = sourcecode.c.objc; path = SOViewController.m; sourceTree = "<group>"; };
/* End PBXFileReference section */

/* Begin PBXFrameworksBuildPhase section */
		D59FDBFF28D17D6F00526445 /* Frameworks */ = {
			isa = PBXFrameworksBuildPhase;
			buildActionMask = 2147483647;
			files = (
			);
			runOnlyForDeploymentPostprocessing = 0;
		};
		D59FDC1A28D17D7000526445 /* Frameworks */ = {
			isa = PBXFrameworksBuildPhase;
			buildActionMask = 2147483647;
			files = (
			);
			runOnlyForDeploymentPostprocessing = 0;
		};
		D59FDC2428D17D7000526445 /* Frameworks */ = {
			isa = PBXFrameworksBuildPhase;
			buildActionMask = 2147483647;
			files = (
			);
			runOnlyForDeploymentPostprocessing = 0;
		};
/* End PBXFrameworksBuildPhase section */

/* Begin PBXGroup section */
		D59FDBF928D17D6F00526445 = {
			isa = PBXGroup;
			children = (
				D59FDC0428D17D6F00526445 /* Example */,
				D59FDC2028D17D7000526445 /* ExampleTests */,
				D59FDC2A28D17D7000526445 /* ExampleUITests */,
				D59FDC0328D17D6F00526445 /* Products */,
			);
			sourceTree = "<group>";
		};
		D59FDC0328D17D6F00526445 /* Products */ = {
			isa = PBXGroup;
			children = (
				D59FDC0228D17D6F00526445 /* Example.app */,
				D59FDC1D28D17D7000526445 /* ExampleTests.xctest */,
				D59FDC2728D17D7000526445 /* ExampleUITests.xctest */,
			);
			name = Products;
			sourceTree = "<group>";
		};
		D59FDC0428D17D6F00526445 /* Example */ = {
			isa = PBXGroup;
			children = (
				D59FDC0528D17D6F00526445 /* AppDelegate.h */,
				D59FDC0628D17D6F00526445 /* AppDelegate.m */,
				D59FDC0B28D17D6F00526445 /* ViewController.h */,
				D59FDC0C28D17D6F00526445 /* ViewController.m */,
				D59FDC3D28D17F1D00526445 /* SandboxOut */,
				D59FDC3A28D17E8B00526445 /* Supporting Files */,
			);
			path = Example;
			sourceTree = "<group>";
		};
		D59FDC2028D17D7000526445 /* ExampleTests */ = {
			isa = PBXGroup;
			children = (
				D59FDC2128D17D7000526445 /* ExampleTests.m */,
			);
			path = ExampleTests;
			sourceTree = "<group>";
		};
		D59FDC2A28D17D7000526445 /* ExampleUITests */ = {
			isa = PBXGroup;
			children = (
				D59FDC2B28D17D7000526445 /* ExampleUITests.m */,
				D59FDC2D28D17D7000526445 /* ExampleUITestsLaunchTests.m */,
			);
			path = ExampleUITests;
			sourceTree = "<group>";
		};
		D59FDC3A28D17E8B00526445 /* Supporting Files */ = {
			isa = PBXGroup;
			children = (
				D59FDC0E28D17D6F00526445 /* Main.storyboard */,
				D59FDC1128D17D7000526445 /* Assets.xcassets */,
				D59FDC1328D17D7000526445 /* LaunchScreen.storyboard */,
				D59FDC1628D17D7000526445 /* Info.plist */,
				D59FDC1728D17D7000526445 /* main.m */,
			);
			name = "Supporting Files";
			sourceTree = "<group>";
		};
		D59FDC3D28D17F1D00526445 /* SandboxOut */ = {
			isa = PBXGroup;
			children = (
				D59FDC3E28D17F4200526445 /* SandboxOut.h */,
				D59FDC3F28D17F4200526445 /* SandboxOut.m */,
				D59FDC4128D17F6400526445 /* SOViewController.h */,
				D59FDC4228D17F6400526445 /* SOViewController.m */,
			);
			name = SandboxOut;
			path = ../../SandboxOut;
			sourceTree = "<group>";
		};
/* End PBXGroup section */

/* Begin PBXNativeTarget section */
		D59FDC0128D17D6F00526445 /* Example */ = {
			isa = PBXNativeTarget;
			buildConfigurationList = D59FDC3128D17D7000526445 /* Build configuration list for PBXNativeTarget "Example" */;
			buildPhases = (
				D59FDBFE28D17D6F00526445 /* Sources */,
				D59FDBFF28D17D6F00526445 /* Frameworks */,
				D59FDC0028D17D6F00526445 /* Resources */,
			);
			buildRules = (
			);
			dependencies = (
			);
			name = Example;
			productName = Example;
			productReference = D59FDC0228D17D6F00526445 /* Example.app */;
			productType = "com.apple.product-type.application";
		};
		D59FDC1C28D17D7000526445 /* ExampleTests */ = {
			isa = PBXNativeTarget;
			buildConfigurationList = D59FDC3428D17D7000526445 /* Build configuration list for PBXNativeTarget "ExampleTests" */;
			buildPhases = (
				D59FDC1928D17D7000526445 /* Sources */,
				D59FDC1A28D17D7000526445 /* Frameworks */,
				D59FDC1B28D17D7000526445 /* Resources */,
			);
			buildRules = (
			);
			dependencies = (
				D59FDC1F28D17D7000526445 /* PBXTargetDependency */,
			);
			name = ExampleTests;
			productName = ExampleTests;
			productReference = D59FDC1D28D17D7000526445 /* ExampleTests.xctest */;
			productType = "com.apple.product-type.bundle.unit-test";
		};
		D59FDC2628D17D7000526445 /* ExampleUITests */ = {
			isa = PBXNativeTarget;
			buildConfigurationList = D59FDC3728D17D7000526445 /* Build configuration list for PBXNativeTarget "ExampleUITests" */;
			buildPhases = (
				D59FDC2328D17D7000526445 /* Sources */,
				D59FDC2428D17D7000526445 /* Frameworks */,
				D59FDC2528D17D7000526445 /* Resources */,
			);
			buildRules = (
			);
			dependencies = (
				D59FDC2928D17D7000526445 /* PBXTargetDependency */,
			);
			name = ExampleUITests;
			productName = ExampleUITests;
			productReference = D59FDC2728D17D7000526445 /* ExampleUITests.xctest */;
			productType = "com.apple.product-type.bundle.ui-testing";
		};
/* End PBXNativeTarget section */

/* Begin PBXProject section */
		D59FDBFA28D17D6F00526445 /* Project object */ = {
			isa = PBXProject;
			attributes = {
				BuildIndependentTargetsInParallel = 1;
				LastUpgradeCheck = 1400;
				TargetAttributes = {
					D59FDC0128D17D6F00526445 = {
						CreatedOnToolsVersion = 14.0;
					};
					D59FDC1C28D17D7000526445 = {
						CreatedOnToolsVersion = 14.0;
						TestTargetID = D59FDC0128D17D6F00526445;
					};
					D59FDC2628D17D7000526445 = {
						CreatedOnToolsVersion = 14.0;
						TestTargetID = D59FDC0128D17D6F00526445;
					};
				};
			};
			buildConfigurationList = D59FDBFD28D17D6F00526445 /* Build configuration list for PBXProject "Example" */;
			compatibilityVersion = "Xcode 14.0";
			developmentRegion = en;
			hasScannedForEncodings = 0;
			knownRegions = (
				en,
				Base,
			);
			mainGroup = D59FDBF928D17D6F00526445;
			productRefGroup = D59FDC0328D17D6F00526445 /* Products */;
			projectDirPath = "";
			projectRoot = "";
			targets = (
				D59FDC0128D17D6F00526445 /* Example */,
				D59FDC1C28D17D7000526445 /* ExampleTests */,
				D59FDC2628D17D7000526445 /* ExampleUITests */,
			);
		};
/* End PBXProject section */

/* Begin PBXResourcesBuildPhase section */
		D59FDC0028D17D6F00526445 /* Resources */ = {
			isa = PBXResourcesBuildPhase;
			buildActionMask = 2147483647;
			files = (
				D59FDC1528D17D7000526445 /* LaunchScreen.storyboard in Resources */,
				D59FDC1228D17D7000526445 /* Assets.xcassets in Resources */,
				D59FDC1028D17D6F00526445 /* Main.storyboard in Resources */,
			);
			runOnlyForDeploymentPostprocessing = 0;
		};
		D59FDC1B28D17D7000526445 /* Resources */ = {
			isa = PBXResourcesBuildPhase;
			buildActionMask = 2147483647;
			files = (
			);
			runOnlyForDeploymentPostprocessing = 0;
		};
		D59FDC2528D17D7000526445 /* Resources */ = {
			isa = PBXResourcesBuildPhase;
			buildActionMask = 2147483647;
			files = (
			);
			runOnlyForDeploymentPostprocessing = 0;
		};
/* End PBXResourcesBuildPhase section */

/* Begin PBXSourcesBuildPhase section */
		D59FDBFE28D17D6F00526445 /* Sources */ = {
			isa = PBXSourcesBuildPhase;
			buildActionMask = 2147483647;
			files = (
				D59FDC0D28D17D6F00526445 /* ViewController.m in Sources */,
				D59FDC0728D17D6F00526445 /* AppDelegate.m in Sources */,
				D59FDC4028D17F4200526445 /* SandboxOut.m in Sources */,
				D59FDC4328D17F6400526445 /* SOViewController.m in Sources */,
				D59FDC1828D17D7000526445 /* main.m in Sources */,
			);
			runOnlyForDeploymentPostprocessing = 0;
		};
		D59FDC1928D17D7000526445 /* Sources */ = {
			isa = PBXSourcesBuildPhase;
			buildActionMask = 2147483647;
			files = (
				D59FDC2228D17D7000526445 /* ExampleTests.m in Sources */,
			);
			runOnlyForDeploymentPostprocessing = 0;
		};
		D59FDC2328D17D7000526445 /* Sources */ = {
			isa = PBXSourcesBuildPhase;
			buildActionMask = 2147483647;
			files = (
				D59FDC2C28D17D7000526445 /* ExampleUITests.m in Sources */,
				D59FDC2E28D17D7000526445 /* ExampleUITestsLaunchTests.m in Sources */,
			);
			runOnlyForDeploymentPostprocessing = 0;
		};
/* End PBXSourcesBuildPhase section */

/* Begin PBXTargetDependency section */
		D59FDC1F28D17D7000526445 /* PBXTargetDependency */ = {
			isa = PBXTargetDependency;
			target = D59FDC0128D17D6F00526445 /* Example */;
			targetProxy = D59FDC1E28D17D7000526445 /* PBXContainerItemProxy */;
		};
		D59FDC2928D17D7000526445 /* PBXTargetDependency */ = {
			isa = PBXTargetDependency;
			target = D59FDC0128D17D6F00526445 /* Example */;
			targetProxy = D59FDC2828D17D7000526445 /* PBXContainerItemProxy */;
		};
/* End PBXTargetDependency section */

/* Begin PBXVariantGroup section */
		D59FDC0E28D17D6F00526445 /* Main.storyboard */ = {
			isa = PBXVariantGroup;
			children = (
				D59FDC0F28D17D6F00526445 /* Base */,
			);
			name = Main.storyboard;
			sourceTree = "<group>";
		};
		D59FDC1328D17D7000526445 /* LaunchScreen.storyboard */ = {
			isa = PBXVariantGroup;
			children = (
				D59FDC1428D17D7000526445 /* Base */,
			);
			name = LaunchScreen.storyboard;
			sourceTree = "<group>";
		};
/* End PBXVariantGroup section */

/* Begin XCBuildConfiguration section */
		D59FDC2F28D17D7000526445 /* Debug */ = {
			isa = XCBuildConfiguration;
			buildSettings = {
				ALWAYS_SEARCH_USER_PATHS = NO;
				CLANG_ANALYZER_NONNULL = YES;
				CLANG_ANALYZER_NUMBER_OBJECT_CONVERSION = YES_AGGRESSIVE;
				CLANG_CXX_LANGUAGE_STANDARD = "gnu++20";
				CLANG_ENABLE_MODULES = YES;
				CLANG_ENABLE_OBJC_ARC = YES;
				CLANG_ENABLE_OBJC_WEAK = YES;
				CLANG_WARN_BLOCK_CAPTURE_AUTORELEASING = YES;
				CLANG_WARN_BOOL_CONVERSION = YES;
				CLANG_WARN_COMMA = YES;
				CLANG_WARN_CONSTANT_CONVERSION = YES;
				CLANG_WARN_DEPRECATED_OBJC_IMPLEMENTATIONS = YES;
				CLANG_WARN_DIRECT_OBJC_ISA_USAGE = YES_ERROR;
				CLANG_WARN_DOCUMENTATION_COMMENTS = YES;
				CLANG_WARN_EMPTY_BODY = YES;
				CLANG_WARN_ENUM_CONVERSION = YES;
				CLANG_WARN_INFINITE_RECURSION = YES;
				CLANG_WARN_INT_CONVERSION = YES;
				CLANG_WARN_NON_LITERAL_NULL_CONVERSION = YES;
				CLANG_WARN_OBJC_IMPLICIT_RETAIN_SELF = YES;
				CLANG_WARN_OBJC_LITERAL_CONVERSION = YES;
				CLANG_WARN_OBJC_ROOT_CLASS = YES_ERROR;
				CLANG_WARN_QUOTED_INCLUDE_IN_FRAMEWORK_HEADER = YES;
				CLANG_WARN_RANGE_LOOP_ANALYSIS = YES;
				CLANG_WARN_STRICT_PROTOTYPES = YES;
				CLANG_WARN_SUSPICIOUS_MOVE = YES;
				CLANG_WARN_UNGUARDED_AVAILABILITY = YES_AGGRESSIVE;
				CLANG_WARN_UNREACHABLE_CODE = YES;
				CLANG_WARN__DUPLICATE_METHOD_MATCH = YES;
				COPY_PHASE_STRIP = NO;
				DEBUG_INFORMATION_FORMAT = dwarf;
				ENABLE_STRICT_OBJC_MSGSEND = YES;
				ENABLE_TESTABILITY = YES;
				GCC_C_LANGUAGE_STANDARD = gnu11;
				GCC_DYNAMIC_NO_PIC = NO;
				GCC_NO_COMMON_BLOCKS = YES;
				GCC_OPTIMIZATION_LEVEL = 0;
				GCC_PREPROCESSOR_DEFINITIONS = (
					"DEBUG=1",
					"$(inherited)",
				);
				GCC_WARN_64_TO_32_BIT_CONVERSION = YES;
				GCC_WARN_ABOUT_RETURN_TYPE = YES_ERROR;
				GCC_WARN_UNDECLARED_SELECTOR = YES;
				GCC_WARN_UNINITIALIZED_AUTOS = YES_AGGRESSIVE;
				GCC_WARN_UNUSED_FUNCTION = YES;
				GCC_WARN_UNUSED_VARIABLE = YES;
				IPHONEOS_DEPLOYMENT_TARGET = 11.0;
				MTL_ENABLE_DEBUG_INFO = INCLUDE_SOURCE;
				MTL_FAST_MATH = YES;
				ONLY_ACTIVE_ARCH = YES;
				SDKROOT = iphoneos;
			};
			name = Debug;
		};
		D59FDC3028D17D7000526445 /* Release */ = {
			isa = XCBuildConfiguration;
			buildSettings = {
				ALWAYS_SEARCH_USER_PATHS = NO;
				CLANG_ANALYZER_NONNULL = YES;
				CLANG_ANALYZER_NUMBER_OBJECT_CONVERSION = YES_AGGRESSIVE;
				CLANG_CXX_LANGUAGE_STANDARD = "gnu++20";
				CLANG_ENABLE_MODULES = YES;
				CLANG_ENABLE_OBJC_ARC = YES;
				CLANG_ENABLE_OBJC_WEAK = YES;
				CLANG_WARN_BLOCK_CAPTURE_AUTORELEASING = YES;
				CLANG_WARN_BOOL_CONVERSION = YES;
				CLANG_WARN_COMMA = YES;
				CLANG_WARN_CONSTANT_CONVERSION = YES;
				CLANG_WARN_DEPRECATED_OBJC_IMPLEMENTATIONS = YES;
				CLANG_WARN_DIRECT_OBJC_ISA_USAGE = YES_ERROR;
				CLANG_WARN_DOCUMENTATION_COMMENTS = YES;
				CLANG_WARN_EMPTY_BODY = YES;
				CLANG_WARN_ENUM_CONVERSION = YES;
				CLANG_WARN_INFINITE_RECURSION = YES;
				CLANG_WARN_INT_CONVERSION = YES;
				CLANG_WARN_NON_LITERAL_NULL_CONVERSION = YES;
				CLANG_WARN_OBJC_IMPLICIT_RETAIN_SELF = YES;
				CLANG_WARN_OBJC_LITERAL_CONVERSION = YES;
				CLANG_WARN_OBJC_ROOT_CLASS = YES_ERROR;
				CLANG_WARN_QUOTED_INCLUDE_IN_FRAMEWORK_HEADER = YES;
				CLANG_WARN_RANGE_LOOP_ANALYSIS = YES;
				CLANG_WARN_STRICT_PROTOTYPES = YES;
				CLANG_WARN_SUSPICIOUS_MOVE = YES;
				CLANG_WARN_UNGUARDED_AVAILABILITY = YES_AGGRESSIVE;
				CLANG_WARN_UNREACHABLE_CODE = YES;
				CLANG_WARN__DUPLICATE_METHOD_MATCH = YES;
				COPY_PHASE_STRIP = NO;
				DEBUG_INFORMATION_FORMAT = "dwarf-with-dsym";
				ENABLE_NS_ASSERTIONS = NO;
				ENABLE_STRICT_OBJC_MSGSEND = YES;
				GCC_C_LANGUAGE_STANDARD = gnu11;
				GCC_NO_COMMON_BLOCKS = YES;
				GCC_WARN_64_TO_32_BIT_CONVERSION = YES;
				GCC_WARN_ABOUT_RETURN_TYPE = YES_ERROR;
				GCC_WARN_UNDECLARED_SELECTOR = YES;
				GCC_WARN_UNINITIALIZED_AUTOS = YES_AGGRESSIVE;
				GCC_WARN_UNUSED_FUNCTION = YES;
				GCC_WARN_UNUSED_VARIABLE = YES;
				IPHONEOS_DEPLOYMENT_TARGET = 11.0;
				MTL_ENABLE_DEBUG_INFO = NO;
				MTL_FAST_MATH = YES;
				SDKROOT = iphoneos;
				VALIDATE_PRODUCT = YES;
			};
			name = Release;
		};
		D59FDC3228D17D7000526445 /* Debug */ = {
			isa = XCBuildConfiguration;
			buildSettings = {
				ASSETCATALOG_COMPILER_APPICON_NAME = AppIcon;
				ASSETCATALOG_COMPILER_GLOBAL_ACCENT_COLOR_NAME = AccentColor;
				CODE_SIGN_STYLE = Automatic;
				CURRENT_PROJECT_VERSION = 1;
				DEVELOPMENT_TEAM = W246LT7EDJ;
				GENERATE_INFOPLIST_FILE = YES;
				INFOPLIST_FILE = Example/Info.plist;
				INFOPLIST_KEY_UIApplicationSupportsIndirectInputEvents = YES;
				INFOPLIST_KEY_UILaunchStoryboardName = LaunchScreen;
				INFOPLIST_KEY_UISupportedInterfaceOrientations_iPad = "UIInterfaceOrientationPortrait UIInterfaceOrientationPortraitUpsideDown UIInterfaceOrientationLandscapeLeft UIInterfaceOrientationLandscapeRight";
				INFOPLIST_KEY_UISupportedInterfaceOrientations_iPhone = "UIInterfaceOrientationPortrait UIInterfaceOrientationLandscapeLeft UIInterfaceOrientationLandscapeRight";
				INFOPLIST_KEY_UIUserInterfaceStyle = Light;
				LD_RUNPATH_SEARCH_PATHS = (
					"$(inherited)",
					"@executable_path/Frameworks",
				);
				MARKETING_VERSION = 1.0;
				PRODUCT_BUNDLE_IDENTIFIER = cn.charsdavy.Example;
				PRODUCT_NAME = "$(TARGET_NAME)";
				SWIFT_EMIT_LOC_STRINGS = YES;
				TARGETED_DEVICE_FAMILY = "1,2";
			};
			name = Debug;
		};
		D59FDC3328D17D7000526445 /* Release */ = {
			isa = XCBuildConfiguration;
			buildSettings = {
				ASSETCATALOG_COMPILER_APPICON_NAME = AppIcon;
				ASSETCATALOG_COMPILER_GLOBAL_ACCENT_COLOR_NAME = AccentColor;
				CODE_SIGN_STYLE = Automatic;
				CURRENT_PROJECT_VERSION = 1;
				DEVELOPMENT_TEAM = W246LT7EDJ;
				GENERATE_INFOPLIST_FILE = YES;
				INFOPLIST_FILE = Example/Info.plist;
				INFOPLIST_KEY_UIApplicationSupportsIndirectInputEvents = YES;
				INFOPLIST_KEY_UILaunchStoryboardName = LaunchScreen;
				INFOPLIST_KEY_UISupportedInterfaceOrientations_iPad = "UIInterfaceOrientationPortrait UIInterfaceOrientationPortraitUpsideDown UIInterfaceOrientationLandscapeLeft UIInterfaceOrientationLandscapeRight";
				INFOPLIST_KEY_UISupportedInterfaceOrientations_iPhone = "UIInterfaceOrientationPortrait UIInterfaceOrientationLandscapeLeft UIInterfaceOrientationLandscapeRight";
				INFOPLIST_KEY_UIUserInterfaceStyle = Light;
				LD_RUNPATH_SEARCH_PATHS = (
					"$(inherited)",
					"@executable_path/Frameworks",
				);
				MARKETING_VERSION = 1.0;
				PRODUCT_BUNDLE_IDENTIFIER = cn.charsdavy.Example;
				PRODUCT_NAME = "$(TARGET_NAME)";
				SWIFT_EMIT_LOC_STRINGS = YES;
				TARGETED_DEVICE_FAMILY = "1,2";
			};
			name = Release;
		};
		D59FDC3528D17D7000526445 /* Debug */ = {
			isa = XCBuildConfiguration;
			buildSettings = {
				BUNDLE_LOADER = "$(TEST_HOST)";
				CODE_SIGN_STYLE = Automatic;
				CURRENT_PROJECT_VERSION = 1;
				DEVELOPMENT_TEAM = W246LT7EDJ;
				GENERATE_INFOPLIST_FILE = YES;
				IPHONEOS_DEPLOYMENT_TARGET = 16.0;
				MARKETING_VERSION = 1.0;
				PRODUCT_BUNDLE_IDENTIFIER = cn.charsdavy.ExampleTests;
				PRODUCT_NAME = "$(TARGET_NAME)";
				SWIFT_EMIT_LOC_STRINGS = NO;
				TARGETED_DEVICE_FAMILY = "1,2";
				TEST_HOST = "$(BUILT_PRODUCTS_DIR)/Example.app/$(BUNDLE_EXECUTABLE_FOLDER_PATH)/Example";
			};
			name = Debug;
		};
		D59FDC3628D17D7000526445 /* Release */ = {
			isa = XCBuildConfiguration;
			buildSettings = {
				BUNDLE_LOADER = "$(TEST_HOST)";
				CODE_SIGN_STYLE = Automatic;
				CURRENT_PROJECT_VERSION = 1;
				DEVELOPMENT_TEAM = W246LT7EDJ;
				GENERATE_INFOPLIST_FILE = YES;
				IPHONEOS_DEPLOYMENT_TARGET = 16.0;
				MARKETING_VERSION = 1.0;
				PRODUCT_BUNDLE_IDENTIFIER = cn.charsdavy.ExampleTests;
				PRODUCT_NAME = "$(TARGET_NAME)";
				SWIFT_EMIT_LOC_STRINGS = NO;
				TARGETED_DEVICE_FAMILY = "1,2";
				TEST_HOST = "$(BUILT_PRODUCTS_DIR)/Example.app/$(BUNDLE_EXECUTABLE_FOLDER_PATH)/Example";
			};
			name = Release;
		};
		D59FDC3828D17D7000526445 /* Debug */ = {
			isa = XCBuildConfiguration;
			buildSettings = {
				CODE_SIGN_STYLE = Automatic;
				CURRENT_PROJECT_VERSION = 1;
				DEVELOPMENT_TEAM = W246LT7EDJ;
				GENERATE_INFOPLIST_FILE = YES;
				MARKETING_VERSION = 1.0;
				PRODUCT_BUNDLE_IDENTIFIER = cn.charsdavy.ExampleUITests;
				PRODUCT_NAME = "$(TARGET_NAME)";
				SWIFT_EMIT_LOC_STRINGS = NO;
				TARGETED_DEVICE_FAMILY = "1,2";
				TEST_TARGET_NAME = Example;
			};
			name = Debug;
		};
		D59FDC3928D17D7000526445 /* Release */ = {
			isa = XCBuildConfiguration;
			buildSettings = {
				CODE_SIGN_STYLE = Automatic;
				CURRENT_PROJECT_VERSION = 1;
				DEVELOPMENT_TEAM = W246LT7EDJ;
				GENERATE_INFOPLIST_FILE = YES;
				MARKETING_VERSION = 1.0;
				PRODUCT_BUNDLE_IDENTIFIER = cn.charsdavy.ExampleUITests;
				PRODUCT_NAME = "$(TARGET_NAME)";
				SWIFT_EMIT_LOC_STRINGS = NO;
				TARGETED_DEVICE_FAMILY = "1,2";
				TEST_TARGET_NAME = Example;
			};
			name = Release;
		};
/* End XCBuildConfiguration section */

/* Begin XCConfigurationList section */
		D59FDBFD28D17D6F00526445 /* Build configuration list for PBXProject "Example" */ = {
			isa = XCConfigurationList;
			buildConfigurations = (
				D59FDC2F28D17D7000526445 /* Debug */,
				D59FDC3028D17D7000526445 /* Release */,
			);
			defaultConfigurationIsVisible = 0;
			defaultConfigurationName = Release;
		};
		D59FDC3128D17D7000526445 /* Build configuration list for PBXNativeTarget "Example" */ = {
			isa = XCConfigurationList;
			buildConfigurations = (
				D59FDC3228D17D7000526445 /* Debug */,
				D59FDC3328D17D7000526445 /* Release */,
			);
			defaultConfigurationIsVisible = 0;
			defaultConfigurationName = Release;
		};
		D59FDC3428D17D7000526445 /* Build configuration list for PBXNativeTarget "ExampleTests" */ = {
			isa = XCConfigurationList;
			buildConfigurations = (
				D59FDC3528D17D7000526445 /* Debug */,
				D59FDC3628D17D7000526445 /* Release */,
			);
			defaultConfigurationIsVisible = 0;
			defaultConfigurationName = Release;
		};
		D59FDC3728D17D7000526445 /* Build configuration list for PBXNativeTarget "ExampleUITests" */ = {
			isa = XCConfigurationList;
			buildConfigurations = (
				D59FDC3828D17D7000526445 /* Debug */,
				D59FDC3928D17D7000526445 /* Release */,
			);
			defaultConfigurationIsVisible = 0;
			defaultConfigurationName = Release;
		};
/* End XCConfigurationList section */
	};
	rootObject = D59FDBFA28D17D6F00526445 /* Project object */;
}
